
Microsoft Visual Studio Solution File, Format Version 12.00
# Visual Studio Version 17
VisualStudioVersion = 17.3.32825.248
MinimumVisualStudioVersion = 10.0.40219.1
Project("{FAE04EC0-301F-11D3-BF4B-00C04F79EFBC}") = "ReactPeopleCars.Web", "ReactPeopleCars.Web\ReactPeopleCars.Web.csproj", "{C76DBA23-BCD5-40F2-8896-9B6CB0F68365}"
EndProject
Project("{FAE04EC0-301F-11D3-BF4B-00C04F79EFBC}") = "ReactPeopleCars.Data", "ReactPeopleCars.Data\ReactPeopleCars.Data.csproj", "{596F7422-FAE3-4D18-A576-16FBAB13FA03}"
EndProject
Global
	GlobalSection(SolutionConfigurationPlatforms) = preSolution
		Debug|Any CPU = Debug|Any CPU
		Release|Any CPU = Release|Any CPU
	EndGlobalSection
	GlobalSection(ProjectConfigurationPlatforms) = postSolution
		{C76DBA23-BCD5-40F2-8896-9B6CB0F68365}.Debug|Any CPU.ActiveCfg = Debug|Any CPU
		{C76DBA23-BCD5-40F2-8896-9B6CB0F68365}.Debug|Any CPU.Build.0 = Debug|Any CPU
		{C76DBA23-BCD5-40F2-8896-9B6CB0F68365}.Release|Any CPU.ActiveCfg = Release|Any CPU
		{C76DBA23-BCD5-40F2-8896-9B6CB0F68365}.Release|Any CPU.Build.0 = Release|Any CPU
		{596F7422-FAE3-4D18-A576-16FBAB13FA03}.Debug|Any CPU.ActiveCfg = Debug|Any CPU
		{596F7422-FAE3-4D18-A576-16FBAB13FA03}.Debug|Any CPU.Build.0 = Debug|Any CPU
		{596F7422-FAE3-4D18-A576-16FBAB13FA03}.Release|Any CPU.ActiveCfg = Release|Any CPU
		{596F7422-FAE3-4D18-A576-16FBAB13FA03}.Release|Any CPU.Build.0 = Release|Any CPU
	EndGlobalSection
	GlobalSection(SolutionProperties) = preSolution
		HideSolutionNode = FALSE
	EndGlobalSection
	GlobalSection(ExtensibilityGlobals) = postSolution
		SolutionGuid = {1158D16D-942B-416F-89A7-2568401B60CD}
	EndGlobalSection
EndGlobal
